// !$*UTF8*$!
{
	archiveVersion = 1;
	classes = {
	};
	objectVersion = 48;
	objects = {

/* Begin PBXBuildFile section */
		786249042048030600770661 /* AppDelegate.swift in Sources */ = {isa = PBXBuildFile; fileRef = 786249032048030600770661 /* AppDelegate.swift */; };
		786249092048030600770661 /* Main.storyboard in Resources */ = {isa = PBXBuildFile; fileRef = 786249072048030600770661 /* Main.storyboard */; };
		7862490B2048030600770661 /* Assets.xcassets in Resources */ = {isa = PBXBuildFile; fileRef = 7862490A2048030600770661 /* Assets.xcassets */; };
		7862490E2048030600770661 /* LaunchScreen.storyboard in Resources */ = {isa = PBXBuildFile; fileRef = 7862490C2048030600770661 /* LaunchScreen.storyboard */; };
		786249192048030600770661 /* MobiOSLesson1Tests.swift in Sources */ = {isa = PBXBuildFile; fileRef = 786249182048030600770661 /* MobiOSLesson1Tests.swift */; };
		786249242048030600770661 /* MobiOSLesson1UITests.swift in Sources */ = {isa = PBXBuildFile; fileRef = 786249232048030600770661 /* MobiOSLesson1UITests.swift */; };
		786249332048034600770661 /* ContactListViewController.swift in Sources */ = {isa = PBXBuildFile; fileRef = 786249322048034600770661 /* ContactListViewController.swift */; };
		7862493420480F0500770661 /* Differentiator.framework in Frameworks */ = {isa = PBXBuildFile; fileRef = 7862493920480F0500770661 /* Differentiator.framework */; };
		7862493520480F0500770661 /* Pods_MobiOSLesson1Tests.framework in Frameworks */ = {isa = PBXBuildFile; fileRef = 7862493A20480F0500770661 /* Pods_MobiOSLesson1Tests.framework */; };
		7862493620480F0500770661 /* RxCocoa.framework in Frameworks */ = {isa = PBXBuildFile; fileRef = 7862493B20480F0500770661 /* RxCocoa.framework */; };
		7862493720480F0500770661 /* RxDataSources.framework in Frameworks */ = {isa = PBXBuildFile; fileRef = 7862493C20480F0500770661 /* RxDataSources.framework */; };
		7862493820480F0500770661 /* RxSwift.framework in Frameworks */ = {isa = PBXBuildFile; fileRef = 7862493D20480F0500770661 /* RxSwift.framework */; };
		7862493E20480F1500770661 /* Differentiator.framework in Frameworks */ = {isa = PBXBuildFile; fileRef = 7862494320480F1500770661 /* Differentiator.framework */; };
		7862493F20480F1500770661 /* Pods_MobiOSLesson1.framework in Frameworks */ = {isa = PBXBuildFile; fileRef = 7862494420480F1500770661 /* Pods_MobiOSLesson1.framework */; };
		7862494020480F1500770661 /* RxCocoa.framework in Frameworks */ = {isa = PBXBuildFile; fileRef = 7862494520480F1500770661 /* RxCocoa.framework */; };
		7862494120480F1500770661 /* RxDataSources.framework in Frameworks */ = {isa = PBXBuildFile; fileRef = 7862494620480F1500770661 /* RxDataSources.framework */; };
		7862494220480F1500770661 /* RxSwift.framework in Frameworks */ = {isa = PBXBuildFile; fileRef = 7862494720480F1500770661 /* RxSwift.framework */; };
		80ABBD709DC46EC81352EB94 /* Pods_MobiOSLesson1Tests.framework in Frameworks */ = {isa = PBXBuildFile; fileRef = B7FEF148FEB8946EBCF1D85F /* Pods_MobiOSLesson1Tests.framework */; };
		ABAEB117F6D868E4ED25BA08 /* Pods_MobiOSLesson1.framework in Frameworks */ = {isa = PBXBuildFile; fileRef = 7ACF399231BAA883C7517EDA /* Pods_MobiOSLesson1.framework */; };
/* End PBXBuildFile section */

/* Begin PBXContainerItemProxy section */
		786249152048030600770661 /* PBXContainerItemProxy */ = {
			isa = PBXContainerItemProxy;
			containerPortal = 786248F82048030600770661 /* Project object */;
			proxyType = 1;
			remoteGlobalIDString = 786248FF2048030600770661;
			remoteInfo = MobiOSLesson1;
		};
		786249202048030600770661 /* PBXContainerItemProxy */ = {
			isa = PBXContainerItemProxy;
			containerPortal = 786248F82048030600770661 /* Project object */;
			proxyType = 1;
			remoteGlobalIDString = 786248FF2048030600770661;
			remoteInfo = MobiOSLesson1;
		};
/* End PBXContainerItemProxy section */

/* Begin PBXFileReference section */
		15F7DE6C636ADAE2EB2359F4 /* Pods-MobiOSLesson1Tests.debug.xcconfig */ = {isa = PBXFileReference; includeInIndex = 1; lastKnownFileType = text.xcconfig; name = "Pods-MobiOSLesson1Tests.debug.xcconfig"; path = "Pods/Target Support Files/Pods-MobiOSLesson1Tests/Pods-MobiOSLesson1Tests.debug.xcconfig"; sourceTree = "<group>"; };
		1AC39D15C829D560147B0A79 /* Pods-MobiOSLesson1.debug.xcconfig */ = {isa = PBXFileReference; includeInIndex = 1; lastKnownFileType = text.xcconfig; name = "Pods-MobiOSLesson1.debug.xcconfig"; path = "Pods/Target Support Files/Pods-MobiOSLesson1/Pods-MobiOSLesson1.debug.xcconfig"; sourceTree = "<group>"; };
		5D7D731425737376E4242994 /* Pods-MobiOSLesson1.release.xcconfig */ = {isa = PBXFileReference; includeInIndex = 1; lastKnownFileType = text.xcconfig; name = "Pods-MobiOSLesson1.release.xcconfig"; path = "Pods/Target Support Files/Pods-MobiOSLesson1/Pods-MobiOSLesson1.release.xcconfig"; sourceTree = "<group>"; };
		7797AE3189A83FB204F7F781 /* Pods-MobiOSLesson1Tests.release.xcconfig */ = {isa = PBXFileReference; includeInIndex = 1; lastKnownFileType = text.xcconfig; name = "Pods-MobiOSLesson1Tests.release.xcconfig"; path = "Pods/Target Support Files/Pods-MobiOSLesson1Tests/Pods-MobiOSLesson1Tests.release.xcconfig"; sourceTree = "<group>"; };
		786249002048030600770661 /* MobiOSLesson1.app */ = {isa = PBXFileReference; explicitFileType = wrapper.application; includeInIndex = 0; path = MobiOSLesson1.app; sourceTree = BUILT_PRODUCTS_DIR; };
		786249032048030600770661 /* AppDelegate.swift */ = {isa = PBXFileReference; lastKnownFileType = sourcecode.swift; path = AppDelegate.swift; sourceTree = "<group>"; };
		786249082048030600770661 /* Base */ = {isa = PBXFileReference; lastKnownFileType = file.storyboard; name = Base; path = Base.lproj/Main.storyboard; sourceTree = "<group>"; };
		7862490A2048030600770661 /* Assets.xcassets */ = {isa = PBXFileReference; lastKnownFileType = folder.assetcatalog; path = Assets.xcassets; sourceTree = "<group>"; };
		7862490D2048030600770661 /* Base */ = {isa = PBXFileReference; lastKnownFileType = file.storyboard; name = Base; path = Base.lproj/LaunchScreen.storyboard; sourceTree = "<group>"; };
		7862490F2048030600770661 /* Info.plist */ = {isa = PBXFileReference; lastKnownFileType = text.plist.xml; path = Info.plist; sourceTree = "<group>"; };
		786249142048030600770661 /* MobiOSLesson1Tests.xctest */ = {isa = PBXFileReference; explicitFileType = wrapper.cfbundle; includeInIndex = 0; path = MobiOSLesson1Tests.xctest; sourceTree = BUILT_PRODUCTS_DIR; };
		786249182048030600770661 /* MobiOSLesson1Tests.swift */ = {isa = PBXFileReference; lastKnownFileType = sourcecode.swift; path = MobiOSLesson1Tests.swift; sourceTree = "<group>"; };
		7862491A2048030600770661 /* Info.plist */ = {isa = PBXFileReference; lastKnownFileType = text.plist.xml; path = Info.plist; sourceTree = "<group>"; };
		7862491F2048030600770661 /* MobiOSLesson1UITests.xctest */ = {isa = PBXFileReference; explicitFileType = wrapper.cfbundle; includeInIndex = 0; path = MobiOSLesson1UITests.xctest; sourceTree = BUILT_PRODUCTS_DIR; };
		786249232048030600770661 /* MobiOSLesson1UITests.swift */ = {isa = PBXFileReference; lastKnownFileType = sourcecode.swift; path = MobiOSLesson1UITests.swift; sourceTree = "<group>"; };
		786249252048030600770661 /* Info.plist */ = {isa = PBXFileReference; lastKnownFileType = text.plist.xml; path = Info.plist; sourceTree = "<group>"; };
		786249322048034600770661 /* ContactListViewController.swift */ = {isa = PBXFileReference; lastKnownFileType = sourcecode.swift; path = ContactListViewController.swift; sourceTree = "<group>"; };
		7862493920480F0500770661 /* Differentiator.framework */ = {isa = PBXFileReference; explicitFileType = wrapper.framework; path = Differentiator.framework; sourceTree = BUILT_PRODUCTS_DIR; };
		7862493A20480F0500770661 /* Pods_MobiOSLesson1Tests.framework */ = {isa = PBXFileReference; explicitFileType = wrapper.framework; path = Pods_MobiOSLesson1Tests.framework; sourceTree = BUILT_PRODUCTS_DIR; };
		7862493B20480F0500770661 /* RxCocoa.framework */ = {isa = PBXFileReference; explicitFileType = wrapper.framework; path = RxCocoa.framework; sourceTree = BUILT_PRODUCTS_DIR; };
		7862493C20480F0500770661 /* RxDataSources.framework */ = {isa = PBXFileReference; explicitFileType = wrapper.framework; path = RxDataSources.framework; sourceTree = BUILT_PRODUCTS_DIR; };
		7862493D20480F0500770661 /* RxSwift.framework */ = {isa = PBXFileReference; explicitFileType = wrapper.framework; path = RxSwift.framework; sourceTree = BUILT_PRODUCTS_DIR; };
		7862494320480F1500770661 /* Differentiator.framework */ = {isa = PBXFileReference; explicitFileType = wrapper.framework; path = Differentiator.framework; sourceTree = BUILT_PRODUCTS_DIR; };
		7862494420480F1500770661 /* Pods_MobiOSLesson1.framework */ = {isa = PBXFileReference; explicitFileType = wrapper.framework; path = Pods_MobiOSLesson1.framework; sourceTree = BUILT_PRODUCTS_DIR; };
		7862494520480F1500770661 /* RxCocoa.framework */ = {isa = PBXFileReference; explicitFileType = wrapper.framework; path = RxCocoa.framework; sourceTree = BUILT_PRODUCTS_DIR; };
		7862494620480F1500770661 /* RxDataSources.framework */ = {isa = PBXFileReference; explicitFileType = wrapper.framework; path = RxDataSources.framework; sourceTree = BUILT_PRODUCTS_DIR; };
		7862494720480F1500770661 /* RxSwift.framework */ = {isa = PBXFileReference; explicitFileType = wrapper.framework; path = RxSwift.framework; sourceTree = BUILT_PRODUCTS_DIR; };
		7ACF399231BAA883C7517EDA /* Pods_MobiOSLesson1.framework */ = {isa = PBXFileReference; explicitFileType = wrapper.framework; includeInIndex = 0; path = Pods_MobiOSLesson1.framework; sourceTree = BUILT_PRODUCTS_DIR; };
		B7FEF148FEB8946EBCF1D85F /* Pods_MobiOSLesson1Tests.framework */ = {isa = PBXFileReference; explicitFileType = wrapper.framework; includeInIndex = 0; path = Pods_MobiOSLesson1Tests.framework; sourceTree = BUILT_PRODUCTS_DIR; };
/* End PBXFileReference section */

/* Begin PBXFrameworksBuildPhase section */
		786248FD2048030600770661 /* Frameworks */ = {
			isa = PBXFrameworksBuildPhase;
			buildActionMask = 2147483647;
			files = (
				7862493420480F0500770661 /* Differentiator.framework in Frameworks */,
				7862493520480F0500770661 /* Pods_MobiOSLesson1Tests.framework in Frameworks */,
				7862493620480F0500770661 /* RxCocoa.framework in Frameworks */,
				7862493720480F0500770661 /* RxDataSources.framework in Frameworks */,
				7862493820480F0500770661 /* RxSwift.framework in Frameworks */,
				ABAEB117F6D868E4ED25BA08 /* Pods_MobiOSLesson1.framework in Frameworks */,
			);
			runOnlyForDeploymentPostprocessing = 0;
		};
		786249112048030600770661 /* Frameworks */ = {
			isa = PBXFrameworksBuildPhase;
			buildActionMask = 2147483647;
			files = (
				7862493E20480F1500770661 /* Differentiator.framework in Frameworks */,
				7862493F20480F1500770661 /* Pods_MobiOSLesson1.framework in Frameworks */,
				7862494020480F1500770661 /* RxCocoa.framework in Frameworks */,
				7862494120480F1500770661 /* RxDataSources.framework in Frameworks */,
				7862494220480F1500770661 /* RxSwift.framework in Frameworks */,
				80ABBD709DC46EC81352EB94 /* Pods_MobiOSLesson1Tests.framework in Frameworks */,
			);
			runOnlyForDeploymentPostprocessing = 0;
		};
		7862491C2048030600770661 /* Frameworks */ = {
			isa = PBXFrameworksBuildPhase;
			buildActionMask = 2147483647;
			files = (
			);
			runOnlyForDeploymentPostprocessing = 0;
		};
/* End PBXFrameworksBuildPhase section */

/* Begin PBXGroup section */
		6ACCC4F9E09300B3C1B123D4 /* Pods */ = {
			isa = PBXGroup;
			children = (
				1AC39D15C829D560147B0A79 /* Pods-MobiOSLesson1.debug.xcconfig */,
				5D7D731425737376E4242994 /* Pods-MobiOSLesson1.release.xcconfig */,
				15F7DE6C636ADAE2EB2359F4 /* Pods-MobiOSLesson1Tests.debug.xcconfig */,
				7797AE3189A83FB204F7F781 /* Pods-MobiOSLesson1Tests.release.xcconfig */,
			);
			name = Pods;
			sourceTree = "<group>";
		};
		786248F72048030600770661 = {
			isa = PBXGroup;
			children = (
				786249022048030600770661 /* MobiOSLesson1 */,
				786249172048030600770661 /* MobiOSLesson1Tests */,
				786249222048030600770661 /* MobiOSLesson1UITests */,
				786249012048030600770661 /* Products */,
				6ACCC4F9E09300B3C1B123D4 /* Pods */,
				EF7470B02FE83E331406326F /* Frameworks */,
			);
			sourceTree = "<group>";
		};
		786249012048030600770661 /* Products */ = {
			isa = PBXGroup;
			children = (
				786249002048030600770661 /* MobiOSLesson1.app */,
				786249142048030600770661 /* MobiOSLesson1Tests.xctest */,
				7862491F2048030600770661 /* MobiOSLesson1UITests.xctest */,
			);
			name = Products;
			sourceTree = "<group>";
		};
		786249022048030600770661 /* MobiOSLesson1 */ = {
			isa = PBXGroup;
			children = (
				786249312048031600770661 /* Controllers */,
				786249032048030600770661 /* AppDelegate.swift */,
				786249072048030600770661 /* Main.storyboard */,
				7862490A2048030600770661 /* Assets.xcassets */,
				7862490C2048030600770661 /* LaunchScreen.storyboard */,
				7862490F2048030600770661 /* Info.plist */,
			);
			path = MobiOSLesson1;
			sourceTree = "<group>";
		};
		786249172048030600770661 /* MobiOSLesson1Tests */ = {
			isa = PBXGroup;
			children = (
				786249182048030600770661 /* MobiOSLesson1Tests.swift */,
				7862491A2048030600770661 /* Info.plist */,
			);
			path = MobiOSLesson1Tests;
			sourceTree = "<group>";
		};
		786249222048030600770661 /* MobiOSLesson1UITests */ = {
			isa = PBXGroup;
			children = (
				786249232048030600770661 /* MobiOSLesson1UITests.swift */,
				786249252048030600770661 /* Info.plist */,
			);
			path = MobiOSLesson1UITests;
			sourceTree = "<group>";
		};
		786249312048031600770661 /* Controllers */ = {
			isa = PBXGroup;
			children = (
				786249322048034600770661 /* ContactListViewController.swift */,
			);
			path = Controllers;
			sourceTree = "<group>";
		};
		EF7470B02FE83E331406326F /* Frameworks */ = {
			isa = PBXGroup;
			children = (
				7862494320480F1500770661 /* Differentiator.framework */,
				7862494420480F1500770661 /* Pods_MobiOSLesson1.framework */,
				7862494520480F1500770661 /* RxCocoa.framework */,
				7862494620480F1500770661 /* RxDataSources.framework */,
				7862494720480F1500770661 /* RxSwift.framework */,
				7862493920480F0500770661 /* Differentiator.framework */,
				7862493A20480F0500770661 /* Pods_MobiOSLesson1Tests.framework */,
				7862493B20480F0500770661 /* RxCocoa.framework */,
				7862493C20480F0500770661 /* RxDataSources.framework */,
				7862493D20480F0500770661 /* RxSwift.framework */,
				7ACF399231BAA883C7517EDA /* Pods_MobiOSLesson1.framework */,
				B7FEF148FEB8946EBCF1D85F /* Pods_MobiOSLesson1Tests.framework */,
			);
			name = Frameworks;
			sourceTree = "<group>";
		};
/* End PBXGroup section */

/* Begin PBXNativeTarget section */
		786248FF2048030600770661 /* MobiOSLesson1 */ = {
			isa = PBXNativeTarget;
			buildConfigurationList = 786249282048030600770661 /* Build configuration list for PBXNativeTarget "MobiOSLesson1" */;
			buildPhases = (
				5E269EEA62D922F3FCCCAD30 /* [CP] Check Pods Manifest.lock */,
				786248FC2048030600770661 /* Sources */,
				786248FD2048030600770661 /* Frameworks */,
				786248FE2048030600770661 /* Resources */,
				694B93E50EE3E6460B1AE714 /* [CP] Embed Pods Frameworks */,
				D0E8A26A9A7916AA82A92004 /* [CP] Copy Pods Resources */,
			);
			buildRules = (
			);
			dependencies = (
			);
			name = MobiOSLesson1;
			productName = MobiOSLesson1;
			productReference = 786249002048030600770661 /* MobiOSLesson1.app */;
			productType = "com.apple.product-type.application";
		};
		786249132048030600770661 /* MobiOSLesson1Tests */ = {
			isa = PBXNativeTarget;
			buildConfigurationList = 7862492B2048030600770661 /* Build configuration list for PBXNativeTarget "MobiOSLesson1Tests" */;
			buildPhases = (
				2BA11E657932DB68D59ADB87 /* [CP] Check Pods Manifest.lock */,
				786249102048030600770661 /* Sources */,
				786249112048030600770661 /* Frameworks */,
				786249122048030600770661 /* Resources */,
				45D4C943275E02DC5C4BBA44 /* [CP] Embed Pods Frameworks */,
				CCFD25F38D5F22520205A12C /* [CP] Copy Pods Resources */,
			);
			buildRules = (
			);
			dependencies = (
				786249162048030600770661 /* PBXTargetDependency */,
			);
			name = MobiOSLesson1Tests;
			productName = MobiOSLesson1Tests;
			productReference = 786249142048030600770661 /* MobiOSLesson1Tests.xctest */;
			productType = "com.apple.product-type.bundle.unit-test";
		};
		7862491E2048030600770661 /* MobiOSLesson1UITests */ = {
			isa = PBXNativeTarget;
			buildConfigurationList = 7862492E2048030600770661 /* Build configuration list for PBXNativeTarget "MobiOSLesson1UITests" */;
			buildPhases = (
				7862491B2048030600770661 /* Sources */,
				7862491C2048030600770661 /* Frameworks */,
				7862491D2048030600770661 /* Resources */,
			);
			buildRules = (
			);
			dependencies = (
				786249212048030600770661 /* PBXTargetDependency */,
			);
			name = MobiOSLesson1UITests;
			productName = MobiOSLesson1UITests;
			productReference = 7862491F2048030600770661 /* MobiOSLesson1UITests.xctest */;
			productType = "com.apple.product-type.bundle.ui-testing";
		};
/* End PBXNativeTarget section */

/* Begin PBXProject section */
		786248F82048030600770661 /* Project object */ = {
			isa = PBXProject;
			attributes = {
				LastSwiftUpdateCheck = 0920;
				LastUpgradeCheck = 0920;
				ORGANIZATIONNAME = MobiMill;
				TargetAttributes = {
					786248FF2048030600770661 = {
						CreatedOnToolsVersion = 9.2;
						ProvisioningStyle = Automatic;
					};
					786249132048030600770661 = {
						CreatedOnToolsVersion = 9.2;
						ProvisioningStyle = Automatic;
						TestTargetID = 786248FF2048030600770661;
					};
					7862491E2048030600770661 = {
						CreatedOnToolsVersion = 9.2;
						ProvisioningStyle = Automatic;
						TestTargetID = 786248FF2048030600770661;
					};
				};
			};
			buildConfigurationList = 786248FB2048030600770661 /* Build configuration list for PBXProject "MobiOSLesson1" */;
			compatibilityVersion = "Xcode 8.0";
			developmentRegion = en;
			hasScannedForEncodings = 0;
			knownRegions = (
				en,
				Base,
			);
			mainGroup = 786248F72048030600770661;
			productRefGroup = 786249012048030600770661 /* Products */;
			projectDirPath = "";
			projectRoot = "";
			targets = (
				786248FF2048030600770661 /* MobiOSLesson1 */,
				786249132048030600770661 /* MobiOSLesson1Tests */,
				7862491E2048030600770661 /* MobiOSLesson1UITests */,
			);
		};
/* End PBXProject section */

/* Begin PBXResourcesBuildPhase section */
		786248FE2048030600770661 /* Resources */ = {
			isa = PBXResourcesBuildPhase;
			buildActionMask = 2147483647;
			files = (
				7862490E2048030600770661 /* LaunchScreen.storyboard in Resources */,
				7862490B2048030600770661 /* Assets.xcassets in Resources */,
				786249092048030600770661 /* Main.storyboard in Resources */,
			);
			runOnlyForDeploymentPostprocessing = 0;
		};
		786249122048030600770661 /* Resources */ = {
			isa = PBXResourcesBuildPhase;
			buildActionMask = 2147483647;
			files = (
			);
			runOnlyForDeploymentPostprocessing = 0;
		};
		7862491D2048030600770661 /* Resources */ = {
			isa = PBXResourcesBuildPhase;
			buildActionMask = 2147483647;
			files = (
			);
			runOnlyForDeploymentPostprocessing = 0;
		};
/* End PBXResourcesBuildPhase section */

/* Begin PBXShellScriptBuildPhase section */
		2BA11E657932DB68D59ADB87 /* [CP] Check Pods Manifest.lock */ = {
			isa = PBXShellScriptBuildPhase;
			buildActionMask = 2147483647;
			files = (
			);
			inputPaths = (
				"${PODS_PODFILE_DIR_PATH}/Podfile.lock",
				"${PODS_ROOT}/Manifest.lock",
			);
			name = "[CP] Check Pods Manifest.lock";
			outputPaths = (
				"$(DERIVED_FILE_DIR)/Pods-MobiOSLesson1Tests-checkManifestLockResult.txt",
			);
			runOnlyForDeploymentPostprocessing = 0;
			shellPath = /bin/sh;
			shellScript = "diff \"${PODS_PODFILE_DIR_PATH}/Podfile.lock\" \"${PODS_ROOT}/Manifest.lock\" > /dev/null\nif [ $? != 0 ] ; then\n    # print error to STDERR\n    echo \"error: The sandbox is not in sync with the Podfile.lock. Run 'pod install' or update your CocoaPods installation.\" >&2\n    exit 1\nfi\n# This output is used by Xcode 'outputs' to avoid re-running this script phase.\necho \"SUCCESS\" > \"${SCRIPT_OUTPUT_FILE_0}\"\n";
			showEnvVarsInLog = 0;
		};
		45D4C943275E02DC5C4BBA44 /* [CP] Embed Pods Frameworks */ = {
			isa = PBXShellScriptBuildPhase;
			buildActionMask = 2147483647;
			files = (
			);
			inputPaths = (
				"${SRCROOT}/Pods/Target Support Files/Pods-MobiOSLesson1Tests/Pods-MobiOSLesson1Tests-frameworks.sh",
				"${BUILT_PRODUCTS_DIR}/Differentiator/Differentiator.framework",
				"${BUILT_PRODUCTS_DIR}/RxCocoa/RxCocoa.framework",
				"${BUILT_PRODUCTS_DIR}/RxDataSources/RxDataSources.framework",
				"${BUILT_PRODUCTS_DIR}/RxSwift/RxSwift.framework",
			);
			name = "[CP] Embed Pods Frameworks";
			outputPaths = (
				"${TARGET_BUILD_DIR}/${FRAMEWORKS_FOLDER_PATH}/Differentiator.framework",
				"${TARGET_BUILD_DIR}/${FRAMEWORKS_FOLDER_PATH}/RxCocoa.framework",
				"${TARGET_BUILD_DIR}/${FRAMEWORKS_FOLDER_PATH}/RxDataSources.framework",
				"${TARGET_BUILD_DIR}/${FRAMEWORKS_FOLDER_PATH}/RxSwift.framework",
			);
			runOnlyForDeploymentPostprocessing = 0;
			shellPath = /bin/sh;
			shellScript = "\"${SRCROOT}/Pods/Target Support Files/Pods-MobiOSLesson1Tests/Pods-MobiOSLesson1Tests-frameworks.sh\"\n";
			showEnvVarsInLog = 0;
		};
		5E269EEA62D922F3FCCCAD30 /* [CP] Check Pods Manifest.lock */ = {
			isa = PBXShellScriptBuildPhase;
			buildActionMask = 2147483647;
			files = (
			);
			inputPaths = (
				"${PODS_PODFILE_DIR_PATH}/Podfile.lock",
				"${PODS_ROOT}/Manifest.lock",
			);
			name = "[CP] Check Pods Manifest.lock";
			outputPaths = (
				"$(DERIVED_FILE_DIR)/Pods-MobiOSLesson1-checkManifestLockResult.txt",
			);
			runOnlyForDeploymentPostprocessing = 0;
			shellPath = /bin/sh;
			shellScript = "diff \"${PODS_PODFILE_DIR_PATH}/Podfile.lock\" \"${PODS_ROOT}/Manifest.lock\" > /dev/null\nif [ $? != 0 ] ; then\n    # print error to STDERR\n    echo \"error: The sandbox is not in sync with the Podfile.lock. Run 'pod install' or update your CocoaPods installation.\" >&2\n    exit 1\nfi\n# This output is used by Xcode 'outputs' to avoid re-running this script phase.\necho \"SUCCESS\" > \"${SCRIPT_OUTPUT_FILE_0}\"\n";
			showEnvVarsInLog = 0;
		};
		694B93E50EE3E6460B1AE714 /* [CP] Embed Pods Frameworks */ = {
			isa = PBXShellScriptBuildPhase;
			buildActionMask = 2147483647;
			files = (
			);
			inputPaths = (
				"${SRCROOT}/Pods/Target Support Files/Pods-MobiOSLesson1/Pods-MobiOSLesson1-frameworks.sh",
				"${BUILT_PRODUCTS_DIR}/Differentiator/Differentiator.framework",
				"${BUILT_PRODUCTS_DIR}/RxCocoa/RxCocoa.framework",
				"${BUILT_PRODUCTS_DIR}/RxDataSources/RxDataSources.framework",
				"${BUILT_PRODUCTS_DIR}/RxSwift/RxSwift.framework",
			);
			name = "[CP] Embed Pods Frameworks";
			outputPaths = (
				"${TARGET_BUILD_DIR}/${FRAMEWORKS_FOLDER_PATH}/Differentiator.framework",
				"${TARGET_BUILD_DIR}/${FRAMEWORKS_FOLDER_PATH}/RxCocoa.framework",
				"${TARGET_BUILD_DIR}/${FRAMEWORKS_FOLDER_PATH}/RxDataSources.framework",
				"${TARGET_BUILD_DIR}/${FRAMEWORKS_FOLDER_PATH}/RxSwift.framework",
			);
			runOnlyForDeploymentPostprocessing = 0;
			shellPath = /bin/sh;
			shellScript = "\"${SRCROOT}/Pods/Target Support Files/Pods-MobiOSLesson1/Pods-MobiOSLesson1-frameworks.sh\"\n";
			showEnvVarsInLog = 0;
		};
		CCFD25F38D5F22520205A12C /* [CP] Copy Pods Resources */ = {
			isa = PBXShellScriptBuildPhase;
			buildActionMask = 2147483647;
			files = (
			);
			inputPaths = (
			);
			name = "[CP] Copy Pods Resources";
			outputPaths = (
			);
			runOnlyForDeploymentPostprocessing = 0;
			shellPath = /bin/sh;
			shellScript = "\"${SRCROOT}/Pods/Target Support Files/Pods-MobiOSLesson1Tests/Pods-MobiOSLesson1Tests-resources.sh\"\n";
			showEnvVarsInLog = 0;
		};
		D0E8A26A9A7916AA82A92004 /* [CP] Copy Pods Resources */ = {
			isa = PBXShellScriptBuildPhase;
			buildActionMask = 2147483647;
			files = (
			);
			inputPaths = (
			);
			name = "[CP] Copy Pods Resources";
			outputPaths = (
			);
			runOnlyForDeploymentPostprocessing = 0;
			shellPath = /bin/sh;
			shellScript = "\"${SRCROOT}/Pods/Target Support Files/Pods-MobiOSLesson1/Pods-MobiOSLesson1-resources.sh\"\n";
			showEnvVarsInLog = 0;
		};
/* End PBXShellScriptBuildPhase section */

/* Begin PBXSourcesBuildPhase section */
		786248FC2048030600770661 /* Sources */ = {
			isa = PBXSourcesBuildPhase;
			buildActionMask = 2147483647;
			files = (
				786249042048030600770661 /* AppDelegate.swift in Sources */,
				786249332048034600770661 /* ContactListViewController.swift in Sources */,
			);
			runOnlyForDeploymentPostprocessing = 0;
		};
		786249102048030600770661 /* Sources */ = {
			isa = PBXSourcesBuildPhase;
			buildActionMask = 2147483647;
			files = (
				786249192048030600770661 /* MobiOSLesson1Tests.swift in Sources */,
			);
			runOnlyForDeploymentPostprocessing = 0;
		};
		7862491B2048030600770661 /* Sources */ = {
			isa = PBXSourcesBuildPhase;
			buildActionMask = 2147483647;
			files = (
				786249242048030600770661 /* MobiOSLesson1UITests.swift in Sources */,
			);
			runOnlyForDeploymentPostprocessing = 0;
		};
/* End PBXSourcesBuildPhase section */

/* Begin PBXTargetDependency section */
		786249162048030600770661 /* PBXTargetDependency */ = {
			isa = PBXTargetDependency;
			target = 786248FF2048030600770661 /* MobiOSLesson1 */;
			targetProxy = 786249152048030600770661 /* PBXContainerItemProxy */;
		};
		786249212048030600770661 /* PBXTargetDependency */ = {
			isa = PBXTargetDependency;
			target = 786248FF2048030600770661 /* MobiOSLesson1 */;
			targetProxy = 786249202048030600770661 /* PBXContainerItemProxy */;
		};
/* End PBXTargetDependency section */

/* Begin PBXVariantGroup section */
		786249072048030600770661 /* Main.storyboard */ = {
			isa = PBXVariantGroup;
			children = (
				786249082048030600770661 /* Base */,
			);
			name = Main.storyboard;
			sourceTree = "<group>";
		};
		7862490C2048030600770661 /* LaunchScreen.storyboard */ = {
			isa = PBXVariantGroup;
			children = (
				7862490D2048030600770661 /* Base */,
			);
			name = LaunchScreen.storyboard;
			sourceTree = "<group>";
		};
/* End PBXVariantGroup section */

/* Begin XCBuildConfiguration section */
		786249262048030600770661 /* Debug */ = {
			isa = XCBuildConfiguration;
			buildSettings = {
				ALWAYS_SEARCH_USER_PATHS = NO;
				CLANG_ANALYZER_NONNULL = YES;
				CLANG_ANALYZER_NUMBER_OBJECT_CONVERSION = YES_AGGRESSIVE;
				CLANG_CXX_LANGUAGE_STANDARD = "gnu++14";
				CLANG_CXX_LIBRARY = "libc++";
				CLANG_ENABLE_MODULES = YES;
				CLANG_ENABLE_OBJC_ARC = YES;
				CLANG_WARN_BLOCK_CAPTURE_AUTORELEASING = YES;
				CLANG_WARN_BOOL_CONVERSION = YES;
				CLANG_WARN_COMMA = YES;
				CLANG_WARN_CONSTANT_CONVERSION = YES;
				CLANG_WARN_DIRECT_OBJC_ISA_USAGE = YES_ERROR;
				CLANG_WARN_DOCUMENTATION_COMMENTS = YES;
				CLANG_WARN_EMPTY_BODY = YES;
				CLANG_WARN_ENUM_CONVERSION = YES;
				CLANG_WARN_INFINITE_RECURSION = YES;
				CLANG_WARN_INT_CONVERSION = YES;
				CLANG_WARN_NON_LITERAL_NULL_CONVERSION = YES;
				CLANG_WARN_OBJC_LITERAL_CONVERSION = YES;
				CLANG_WARN_OBJC_ROOT_CLASS = YES_ERROR;
				CLANG_WARN_RANGE_LOOP_ANALYSIS = YES;
				CLANG_WARN_STRICT_PROTOTYPES = YES;
				CLANG_WARN_SUSPICIOUS_MOVE = YES;
				CLANG_WARN_UNGUARDED_AVAILABILITY = YES_AGGRESSIVE;
				CLANG_WARN_UNREACHABLE_CODE = YES;
				CLANG_WARN__DUPLICATE_METHOD_MATCH = YES;
				CODE_SIGN_IDENTITY = "iPhone Developer";
				COPY_PHASE_STRIP = NO;
				DEBUG_INFORMATION_FORMAT = dwarf;
				ENABLE_STRICT_OBJC_MSGSEND = YES;
				ENABLE_TESTABILITY = YES;
				GCC_C_LANGUAGE_STANDARD = gnu11;
				GCC_DYNAMIC_NO_PIC = NO;
				GCC_NO_COMMON_BLOCKS = YES;
				GCC_OPTIMIZATION_LEVEL = 0;
				GCC_PREPROCESSOR_DEFINITIONS = (
					"DEBUG=1",
					"$(inherited)",
				);
				GCC_WARN_64_TO_32_BIT_CONVERSION = YES;
				GCC_WARN_ABOUT_RETURN_TYPE = YES_ERROR;
				GCC_WARN_UNDECLARED_SELECTOR = YES;
				GCC_WARN_UNINITIALIZED_AUTOS = YES_AGGRESSIVE;
				GCC_WARN_UNUSED_FUNCTION = YES;
				GCC_WARN_UNUSED_VARIABLE = YES;
				IPHONEOS_DEPLOYMENT_TARGET = 11.2;
				MTL_ENABLE_DEBUG_INFO = YES;
				ONLY_ACTIVE_ARCH = YES;
				SDKROOT = iphoneos;
				SWIFT_ACTIVE_COMPILATION_CONDITIONS = DEBUG;
				SWIFT_OPTIMIZATION_LEVEL = "-Onone";
			};
			name = Debug;
		};
		786249272048030600770661 /* Release */ = {
			isa = XCBuildConfiguration;
			buildSettings = {
				ALWAYS_SEARCH_USER_PATHS = NO;
				CLANG_ANALYZER_NONNULL = YES;
				CLANG_ANALYZER_NUMBER_OBJECT_CONVERSION = YES_AGGRESSIVE;
				CLANG_CXX_LANGUAGE_STANDARD = "gnu++14";
				CLANG_CXX_LIBRARY = "libc++";
				CLANG_ENABLE_MODULES = YES;
				CLANG_ENABLE_OBJC_ARC = YES;
				CLANG_WARN_BLOCK_CAPTURE_AUTORELEASING = YES;
				CLANG_WARN_BOOL_CONVERSION = YES;
				CLANG_WARN_COMMA = YES;
				CLANG_WARN_CONSTANT_CONVERSION = YES;
				CLANG_WARN_DIRECT_OBJC_ISA_USAGE = YES_ERROR;
				CLANG_WARN_DOCUMENTATION_COMMENTS = YES;
				CLANG_WARN_EMPTY_BODY = YES;
				CLANG_WARN_ENUM_CONVERSION = YES;
				CLANG_WARN_INFINITE_RECURSION = YES;
				CLANG_WARN_INT_CONVERSION = YES;
				CLANG_WARN_NON_LITERAL_NULL_CONVERSION = YES;
				CLANG_WARN_OBJC_LITERAL_CONVERSION = YES;
				CLANG_WARN_OBJC_ROOT_CLASS = YES_ERROR;
				CLANG_WARN_RANGE_LOOP_ANALYSIS = YES;
				CLANG_WARN_STRICT_PROTOTYPES = YES;
				CLANG_WARN_SUSPICIOUS_MOVE = YES;
				CLANG_WARN_UNGUARDED_AVAILABILITY = YES_AGGRESSIVE;
				CLANG_WARN_UNREACHABLE_CODE = YES;
				CLANG_WARN__DUPLICATE_METHOD_MATCH = YES;
				CODE_SIGN_IDENTITY = "iPhone Developer";
				COPY_PHASE_STRIP = NO;
				DEBUG_INFORMATION_FORMAT = "dwarf-with-dsym";
				ENABLE_NS_ASSERTIONS = NO;
				ENABLE_STRICT_OBJC_MSGSEND = YES;
				GCC_C_LANGUAGE_STANDARD = gnu11;
				GCC_NO_COMMON_BLOCKS = YES;
				GCC_WARN_64_TO_32_BIT_CONVERSION = YES;
				GCC_WARN_ABOUT_RETURN_TYPE = YES_ERROR;
				GCC_WARN_UNDECLARED_SELECTOR = YES;
				GCC_WARN_UNINITIALIZED_AUTOS = YES_AGGRESSIVE;
				GCC_WARN_UNUSED_FUNCTION = YES;
				GCC_WARN_UNUSED_VARIABLE = YES;
				IPHONEOS_DEPLOYMENT_TARGET = 11.2;
				MTL_ENABLE_DEBUG_INFO = NO;
				SDKROOT = iphoneos;
				SWIFT_OPTIMIZATION_LEVEL = "-Owholemodule";
				VALIDATE_PRODUCT = YES;
			};
			name = Release;
		};
		786249292048030600770661 /* Debug */ = {
			isa = XCBuildConfiguration;
			baseConfigurationReference = 1AC39D15C829D560147B0A79 /* Pods-MobiOSLesson1.debug.xcconfig */;
			buildSettings = {
				ASSETCATALOG_COMPILER_APPICON_NAME = AppIcon;
				CODE_SIGN_STYLE = Automatic;
				DEVELOPMENT_TEAM = S8287H39N6;
				INFOPLIST_FILE = MobiOSLesson1/Info.plist;
				LD_RUNPATH_SEARCH_PATHS = "$(inherited) @executable_path/Frameworks";
				PRODUCT_BUNDLE_IDENTIFIER = com.Mobimill.MobiOSLesson1;
				PRODUCT_NAME = "$(TARGET_NAME)";
				SWIFT_VERSION = 4.0;
				TARGETED_DEVICE_FAMILY = "1,2";
			};
			name = Debug;
		};
		7862492A2048030600770661 /* Release */ = {
			isa = XCBuildConfiguration;
			baseConfigurationReference = 5D7D731425737376E4242994 /* Pods-MobiOSLesson1.release.xcconfig */;
			buildSettings = {
				ASSETCATALOG_COMPILER_APPICON_NAME = AppIcon;
				CODE_SIGN_STYLE = Automatic;
				DEVELOPMENT_TEAM = S8287H39N6;
				INFOPLIST_FILE = MobiOSLesson1/Info.plist;
				LD_RUNPATH_SEARCH_PATHS = "$(inherited) @executable_path/Frameworks";
				PRODUCT_BUNDLE_IDENTIFIER = com.Mobimill.MobiOSLesson1;
				PRODUCT_NAME = "$(TARGET_NAME)";
				SWIFT_VERSION = 4.0;
				TARGETED_DEVICE_FAMILY = "1,2";
			};
			name = Release;
		};
		7862492C2048030600770661 /* Debug */ = {
			isa = XCBuildConfiguration;
			baseConfigurationReference = 15F7DE6C636ADAE2EB2359F4 /* Pods-MobiOSLesson1Tests.debug.xcconfig */;
			buildSettings = {
				ALWAYS_EMBED_SWIFT_STANDARD_LIBRARIES = YES;
				BUNDLE_LOADER = "$(TEST_HOST)";
				CODE_SIGN_STYLE = Automatic;
				DEVELOPMENT_TEAM = S8287H39N6;
				INFOPLIST_FILE = MobiOSLesson1Tests/Info.plist;
				LD_RUNPATH_SEARCH_PATHS = "$(inherited) @executable_path/Frameworks @loader_path/Frameworks";
				PRODUCT_BUNDLE_IDENTIFIER = com.Mobimill.MobiOSLesson1Tests;
				PRODUCT_NAME = "$(TARGET_NAME)";
				SWIFT_VERSION = 4.0;
				TARGETED_DEVICE_FAMILY = "1,2";
				TEST_HOST = "$(BUILT_PRODUCTS_DIR)/MobiOSLesson1.app/MobiOSLesson1";
			};
			name = Debug;
		};
		7862492D2048030600770661 /* Release */ = {
			isa = XCBuildConfiguration;
			baseConfigurationReference = 7797AE3189A83FB204F7F781 /* Pods-MobiOSLesson1Tests.release.xcconfig */;
			buildSettings = {
				ALWAYS_EMBED_SWIFT_STANDARD_LIBRARIES = YES;
				BUNDLE_LOADER = "$(TEST_HOST)";
				CODE_SIGN_STYLE = Automatic;
				DEVELOPMENT_TEAM = S8287H39N6;
				INFOPLIST_FILE = MobiOSLesson1Tests/Info.plist;
				LD_RUNPATH_SEARCH_PATHS = "$(inherited) @executable_path/Frameworks @loader_path/Frameworks";
				PRODUCT_BUNDLE_IDENTIFIER = com.Mobimill.MobiOSLesson1Tests;
				PRODUCT_NAME = "$(TARGET_NAME)";
				SWIFT_VERSION = 4.0;
				TARGETED_DEVICE_FAMILY = "1,2";
				TEST_HOST = "$(BUILT_PRODUCTS_DIR)/MobiOSLesson1.app/MobiOSLesson1";
			};
			name = Release;
		};
		7862492F2048030600770661 /* Debug */ = {
			isa = XCBuildConfiguration;
			buildSettings = {
				ALWAYS_EMBED_SWIFT_STANDARD_LIBRARIES = YES;
				CODE_SIGN_STYLE = Automatic;
				DEVELOPMENT_TEAM = S8287H39N6;
				INFOPLIST_FILE = MobiOSLesson1UITests/Info.plist;
				LD_RUNPATH_SEARCH_PATHS = "$(inherited) @executable_path/Frameworks @loader_path/Frameworks";
				PRODUCT_BUNDLE_IDENTIFIER = com.Mobimill.MobiOSLesson1UITests;
				PRODUCT_NAME = "$(TARGET_NAME)";
				SWIFT_VERSION = 4.0;
				TARGETED_DEVICE_FAMILY = "1,2";
				TEST_TARGET_NAME = MobiOSLesson1;
			};
			name = Debug;
		};
		786249302048030600770661 /* Release */ = {
			isa = XCBuildConfiguration;
			buildSettings = {
				ALWAYS_EMBED_SWIFT_STANDARD_LIBRARIES = YES;
				CODE_SIGN_STYLE = Automatic;
				DEVELOPMENT_TEAM = S8287H39N6;
				INFOPLIST_FILE = MobiOSLesson1UITests/Info.plist;
				LD_RUNPATH_SEARCH_PATHS = "$(inherited) @executable_path/Frameworks @loader_path/Frameworks";
				PRODUCT_BUNDLE_IDENTIFIER = com.Mobimill.MobiOSLesson1UITests;
				PRODUCT_NAME = "$(TARGET_NAME)";
				SWIFT_VERSION = 4.0;
				TARGETED_DEVICE_FAMILY = "1,2";
				TEST_TARGET_NAME = MobiOSLesson1;
			};
			name = Release;
		};
/* End XCBuildConfiguration section */

/* Begin XCConfigurationList section */
		786248FB2048030600770661 /* Build configuration list for PBXProject "MobiOSLesson1" */ = {
			isa = XCConfigurationList;
			buildConfigurations = (
				786249262048030600770661 /* Debug */,
				786249272048030600770661 /* Release */,
			);
			defaultConfigurationIsVisible = 0;
			defaultConfigurationName = Release;
		};
		786249282048030600770661 /* Build configuration list for PBXNativeTarget "MobiOSLesson1" */ = {
			isa = XCConfigurationList;
			buildConfigurations = (
				786249292048030600770661 /* Debug */,
				7862492A2048030600770661 /* Release */,
			);
			defaultConfigurationIsVisible = 0;
			defaultConfigurationName = Release;
		};
		7862492B2048030600770661 /* Build configuration list for PBXNativeTarget "MobiOSLesson1Tests" */ = {
			isa = XCConfigurationList;
			buildConfigurations = (
				7862492C2048030600770661 /* Debug */,
				7862492D2048030600770661 /* Release */,
			);
			defaultConfigurationIsVisible = 0;
			defaultConfigurationName = Release;
		};
		7862492E2048030600770661 /* Build configuration list for PBXNativeTarget "MobiOSLesson1UITests" */ = {
			isa = XCConfigurationList;
			buildConfigurations = (
				7862492F2048030600770661 /* Debug */,
				786249302048030600770661 /* Release */,
			);
			defaultConfigurationIsVisible = 0;
			defaultConfigurationName = Release;
		};
/* End XCConfigurationList section */
	};
	rootObject = 786248F82048030600770661 /* Project object */;
}
